Microsoft Visual Studio Solution File, Format Version 11.00
# Visual Studio 2008

Project("{72ABC29B-9422-EE04-2FD3-12E844A96DF0}") = "cs307-game", "Assembly-CSharp.csproj", "{CE354408-415A-9451-BCDF-6E0F81A32765}"
EndProject
Global
	GlobalSection(SolutionConfigurationPlatforms) = preSolution
		Debug|Any CPU = Debug|Any CPU
		Release|Any CPU = Release|Any CPU
	EndGlobalSection
	GlobalSection(ProjectConfigurationPlatforms) = postSolution
		{CE354408-415A-9451-BCDF-6E0F81A32765}.Debug|Any CPU.ActiveCfg = Debug|Any CPU
		{CE354408-415A-9451-BCDF-6E0F81A32765}.Debug|Any CPU.Build.0 = Debug|Any CPU
		{CE354408-415A-9451-BCDF-6E0F81A32765}.Release|Any CPU.ActiveCfg = Release|Any CPU
		{CE354408-415A-9451-BCDF-6E0F81A32765}.Release|Any CPU.Build.0 = Release|Any CPU
	EndGlobalSection
	GlobalSection(SolutionProperties) = preSolution
		HideSolutionNode = FALSE
	EndGlobalSection
	GlobalSection(MonoDevelopProperties) = preSolution
		StartupItem = Assembly-CSharp.csproj
	EndGlobalSection
EndGlobal
