
Microsoft Visual Studio Solution File, Format Version 12.00
# Visual Studio 2015
Project("{FAE04EC0-301F-11D3-BF4B-00C04F79EFBC}") = "cs307-game.CSharp", "cs307-game.CSharp.csproj", "{13B809F2-5E1F-EC11-A274-9E61C45FCB8F}"
EndProject
Global
	GlobalSection(SolutionConfigurationPlatforms) = preSolution
		Debug|Any CPU = Debug|Any CPU
		Release|Any CPU = Release|Any CPU
	EndGlobalSection
	GlobalSection(ProjectConfigurationPlatforms) = postSolution
		{13B809F2-5E1F-EC11-A274-9E61C45FCB8F}.Debug|Any CPU.ActiveCfg = Debug|Any CPU
		{13B809F2-5E1F-EC11-A274-9E61C45FCB8F}.Debug|Any CPU.Build.0 = Debug|Any CPU
		{13B809F2-5E1F-EC11-A274-9E61C45FCB8F}.Release|Any CPU.ActiveCfg = Release|Any CPU
		{13B809F2-5E1F-EC11-A274-9E61C45FCB8F}.Release|Any CPU.Build.0 = Release|Any CPU
	EndGlobalSection
	GlobalSection(SolutionProperties) = preSolution
		HideSolutionNode = FALSE
	EndGlobalSection
EndGlobal
